
Microsoft Visual Studio Solution File, Format Version 12.00
Project("{FAE04EC0-301F-11D3-BF4B-00C04F79EFBC}") = "Miestamy30.3", "Miestamy30.3\Miestamy30.3.csproj", "{91070E70-973A-456C-97D7-39B79B1C5EDB}"
EndProject
Global
	GlobalSection(SolutionConfigurationPlatforms) = preSolution
		Debug|Any CPU = Debug|Any CPU
		Release|Any CPU = Release|Any CPU
	EndGlobalSection
	GlobalSection(ProjectConfigurationPlatforms) = postSolution
		{91070E70-973A-456C-97D7-39B79B1C5EDB}.Debug|Any CPU.ActiveCfg = Debug|Any CPU
		{91070E70-973A-456C-97D7-39B79B1C5EDB}.Debug|Any CPU.Build.0 = Debug|Any CPU
		{91070E70-973A-456C-97D7-39B79B1C5EDB}.Release|Any CPU.ActiveCfg = Release|Any CPU
		{91070E70-973A-456C-97D7-39B79B1C5EDB}.Release|Any CPU.Build.0 = Release|Any CPU
	EndGlobalSection
EndGlobal
